
Microsoft Visual Studio Solution File, Format Version 11.00
# Visual Studio 2010
Project("{FAE04EC0-301F-11D3-BF4B-00C04F79EFBC}") = "Assembly-CSharp", "Assembly-CSharp.csproj", "{edea0735-4833-df00-97d2-1c1710f152d9}"
EndProject
Global
	GlobalSection(SolutionConfigurationPlatforms) = preSolution
		Debug|Any CPU = Debug|Any CPU
		Release|Any CPU = Release|Any CPU
	EndGlobalSection
	GlobalSection(ProjectConfigurationPlatforms) = postSolution
		{edea0735-4833-df00-97d2-1c1710f152d9}.Debug|Any CPU.ActiveCfg = Debug|Any CPU
		{edea0735-4833-df00-97d2-1c1710f152d9}.Debug|Any CPU.Build.0 = Debug|Any CPU
		{edea0735-4833-df00-97d2-1c1710f152d9}.Release|Any CPU.ActiveCfg = Release|Any CPU
		{edea0735-4833-df00-97d2-1c1710f152d9}.Release|Any CPU.Build.0 = Release|Any CPU
	EndGlobalSection
	GlobalSection(SolutionProperties) = preSolution
		HideSolutionNode = FALSE
	EndGlobalSection
EndGlobal
